
Microsoft Visual Studio Solution File, Format Version 12.00
# Visual Studio Version 16
VisualStudioVersion = 16.0.30320.27
MinimumVisualStudioVersion = 10.0.40219.1
Project("{FAE04EC0-301F-11D3-BF4B-00C04F79EFBC}") = "FreshFuit", "FreshFuit\FreshFuit.csproj", "{139D18FD-031A-4CE9-9538-B5579ABEA701}"
EndProject
Global
	GlobalSection(SolutionConfigurationPlatforms) = preSolution
		Debug|Any CPU = Debug|Any CPU
		Release|Any CPU = Release|Any CPU
	EndGlobalSection
	GlobalSection(ProjectConfigurationPlatforms) = postSolution
		{139D18FD-031A-4CE9-9538-B5579ABEA701}.Debug|Any CPU.ActiveCfg = Debug|Any CPU
		{139D18FD-031A-4CE9-9538-B5579ABEA701}.Debug|Any CPU.Build.0 = Debug|Any CPU
		{139D18FD-031A-4CE9-9538-B5579ABEA701}.Release|Any CPU.ActiveCfg = Release|Any CPU
		{139D18FD-031A-4CE9-9538-B5579ABEA701}.Release|Any CPU.Build.0 = Release|Any CPU
	EndGlobalSection
	GlobalSection(SolutionProperties) = preSolution
		HideSolutionNode = FALSE
	EndGlobalSection
	GlobalSection(ExtensibilityGlobals) = postSolution
		SolutionGuid = {506122B0-0BB8-40B7-968E-D507BC97538C}
	EndGlobalSection
EndGlobal
